
Microsoft Visual Studio Solution File, Format Version 12.00
# Visual Studio Version 16
VisualStudioVersion = 16.0.32630.194
MinimumVisualStudioVersion = 10.0.40219.1
Project("{FAE04EC0-301F-11D3-BF4B-00C04F79EFBC}") = "LoginSystemApp", "LoginSystemApp\LoginSystemApp.csproj", "{58EC1CE8-E44C-4BEB-A599-1AE5C4F00003}"
EndProject
Global
	GlobalSection(SolutionConfigurationPlatforms) = preSolution
		Debug|Any CPU = Debug|Any CPU
		Release|Any CPU = Release|Any CPU
	EndGlobalSection
	GlobalSection(ProjectConfigurationPlatforms) = postSolution
		{58EC1CE8-E44C-4BEB-A599-1AE5C4F00003}.Debug|Any CPU.ActiveCfg = Debug|Any CPU
		{58EC1CE8-E44C-4BEB-A599-1AE5C4F00003}.Debug|Any CPU.Build.0 = Debug|Any CPU
		{58EC1CE8-E44C-4BEB-A599-1AE5C4F00003}.Release|Any CPU.ActiveCfg = Release|Any CPU
		{58EC1CE8-E44C-4BEB-A599-1AE5C4F00003}.Release|Any CPU.Build.0 = Release|Any CPU
	EndGlobalSection
	GlobalSection(SolutionProperties) = preSolution
		HideSolutionNode = FALSE
	EndGlobalSection
	GlobalSection(ExtensibilityGlobals) = postSolution
		SolutionGuid = {43521C4F-39CD-4340-ADFE-4767AA8A9F2D}
	EndGlobalSection
EndGlobal
